
Microsoft Visual Studio Solution File, Format Version 12.00
# Visual Studio Version 17
VisualStudioVersion = 17.10.35122.118
MinimumVisualStudioVersion = 10.0.40219.1
Project("{9A19103F-16F7-4668-BE54-9A1E7A4F7556}") = "ApiGrado", "ApiGrado\ApiGrado.csproj", "{9FFEE8E2-3EEF-43AB-A983-8FDDD210DAA8}"
EndProject
Project("{9A19103F-16F7-4668-BE54-9A1E7A4F7556}") = "PersonalizacionProyectoGradoWASM", "PersonalizacionProyectoGradoWASM\PersonalizacionProyectoGradoWASM.csproj", "{8DA8428B-9025-4680-81C2-6A905773376E}"
EndProject
Global
	GlobalSection(SolutionConfigurationPlatforms) = preSolution
		Debug|Any CPU = Debug|Any CPU
		Release|Any CPU = Release|Any CPU
	EndGlobalSection
	GlobalSection(ProjectConfigurationPlatforms) = postSolution
		{9FFEE8E2-3EEF-43AB-A983-8FDDD210DAA8}.Debug|Any CPU.ActiveCfg = Debug|Any CPU
		{9FFEE8E2-3EEF-43AB-A983-8FDDD210DAA8}.Debug|Any CPU.Build.0 = Debug|Any CPU
		{9FFEE8E2-3EEF-43AB-A983-8FDDD210DAA8}.Release|Any CPU.ActiveCfg = Release|Any CPU
		{9FFEE8E2-3EEF-43AB-A983-8FDDD210DAA8}.Release|Any CPU.Build.0 = Release|Any CPU
		{8DA8428B-9025-4680-81C2-6A905773376E}.Debug|Any CPU.ActiveCfg = Debug|Any CPU
		{8DA8428B-9025-4680-81C2-6A905773376E}.Debug|Any CPU.Build.0 = Debug|Any CPU
		{8DA8428B-9025-4680-81C2-6A905773376E}.Release|Any CPU.ActiveCfg = Release|Any CPU
		{8DA8428B-9025-4680-81C2-6A905773376E}.Release|Any CPU.Build.0 = Release|Any CPU
	EndGlobalSection
	GlobalSection(SolutionProperties) = preSolution
		HideSolutionNode = FALSE
	EndGlobalSection
	GlobalSection(ExtensibilityGlobals) = postSolution
		SolutionGuid = {F30169EB-A0F3-4733-83BF-030CC77CA1BA}
	EndGlobalSection
EndGlobal
